
Microsoft Visual Studio Solution File, Format Version 12.00
# Visual Studio Version 16
VisualStudioVersion = 16.0.28729.10
MinimumVisualStudioVersion = 10.0.40219.1
Project("{FAE04EC0-301F-11D3-BF4B-00C04F79EFBC}") = "Version_2.0", "Version_2.0.csproj", "{A0EF9454-CBA9-4166-B6B3-8FA86AB2596D}"
EndProject
Global
	GlobalSection(SolutionConfigurationPlatforms) = preSolution
		Debug|Any CPU = Debug|Any CPU
		Release|Any CPU = Release|Any CPU
	EndGlobalSection
	GlobalSection(ProjectConfigurationPlatforms) = postSolution
		{A0EF9454-CBA9-4166-B6B3-8FA86AB2596D}.Debug|Any CPU.ActiveCfg = Debug|Any CPU
		{A0EF9454-CBA9-4166-B6B3-8FA86AB2596D}.Debug|Any CPU.Build.0 = Debug|Any CPU
		{A0EF9454-CBA9-4166-B6B3-8FA86AB2596D}.Release|Any CPU.ActiveCfg = Release|Any CPU
		{A0EF9454-CBA9-4166-B6B3-8FA86AB2596D}.Release|Any CPU.Build.0 = Release|Any CPU
	EndGlobalSection
	GlobalSection(SolutionProperties) = preSolution
		HideSolutionNode = FALSE
	EndGlobalSection
	GlobalSection(ExtensibilityGlobals) = postSolution
		SolutionGuid = {0F63A95B-4147-4B28-9C44-477F21E628A2}
	EndGlobalSection
EndGlobal
